Microsoft Visual Studio Solution File, Format Version 12.00
# Visual Studio Version 17
VisualStudioVersion = 17.5.2.0
MinimumVisualStudioVersion = 10.0.40219.1
Project("{FAE04EC0-301F-11D3-BF4B-00C04F79EFBC}") = "AttendanceAPI", "AttendanceAPI\AttendanceAPI.csproj", "{46EAB37E-EBFE-1EB1-DF8A-7BCB348C9999}"
EndProject
Project("{FAE04EC0-301F-11D3-BF4B-00C04F79EFBC}") = "FrontendServer", "FrontendServer\FrontendServer.csproj", "{50FBB47E-CBFE-2FC2-EG9B-8CDA459D0000}"
EndProject
Global
	GlobalSection(SolutionConfigurationPlatforms) = preSolution
		Debug|Any CPU = Debug|Any CPU
		Release|Any CPU = Release|Any CPU
	EndGlobalSection
	GlobalSection(ProjectConfigurationPlatforms) = postSolution
		{46EAB37E-EBFE-1EB1-DF8A-7BCB348C9999}.Debug|Any CPU.ActiveCfg = Debug|Any CPU
		{46EAB37E-EBFE-1EB1-DF8A-7BCB348C9999}.Debug|Any CPU.Build.0 = Debug|Any CPU
		{46EAB37E-EBFE-1EB1-DF8A-7BCB348C9999}.Release|Any CPU.ActiveCfg = Release|Any CPU
		{46EAB37E-EBFE-1EB1-DF8A-7BCB348C9999}.Release|Any CPU.Build.0 = Release|Any CPU
		{50FBB47E-CBFE-2FC2-EG9B-8CDA459D0000}.Debug|Any CPU.ActiveCfg = Debug|Any CPU
		{50FBB47E-CBFE-2FC2-EG9B-8CDA459D0000}.Debug|Any CPU.Build.0 = Debug|Any CPU
		{50FBB47E-CBFE-2FC2-EG9B-8CDA459D0000}.Release|Any CPU.ActiveCfg = Release|Any CPU
		{50FBB47E-CBFE-2FC2-EG9B-8CDA459D0000}.Release|Any CPU.Build.0 = Release|Any CPU
	EndGlobalSection
	GlobalSection(SolutionProperties) = preSolution
		HideSolutionNode = FALSE
	EndGlobalSection
	GlobalSection(ExtensibilityGlobals) = postSolution
		SolutionGuid = {B829682B-5F74-44E7-8AA6-3D43EBBC1ED4}
	EndGlobalSection
EndGlobal
